<Solution>
  <Configurations>
    <Platform Name="x64" />
    <Platform Name="x86" />
  </Configurations>
  <Project Path="Hontaruk_Olha_1/Hontaruk_Olha_1.vcxproj" Id="d8bd59f6-6dd5-4c4f-8091-f6dce6b794fb" />
  <Project Path="Practice/Practice.vcxproj" Id="af6b1661-54be-43a2-b6f9-aa00bfdcaca8" />
</Solution>
